
Microsoft Visual Studio Solution File, Format Version 12.00
# Visual Studio Version 16
VisualStudioVersion = 16.0.31624.102
MinimumVisualStudioVersion = 10.0.40219.1
Project("{8BC9CEB8-8B4A-11D0-8D11-00A0C91BC942}") = "monkey sim", "monkey sim.vcxproj", "{7023EC0F-35C2-46AB-AC48-DEBE2C835FEB}"
EndProject
Global
	GlobalSection(SolutionConfigurationPlatforms) = preSolution
		Debug|x64 = Debug|x64
		Debug|x86 = Debug|x86
		Release|x64 = Release|x64
		Release|x86 = Release|x86
	EndGlobalSection
	GlobalSection(ProjectConfigurationPlatforms) = postSolution
		{7023EC0F-35C2-46AB-AC48-DEBE2C835FEB}.Debug|x64.ActiveCfg = Debug|x64
		{7023EC0F-35C2-46AB-AC48-DEBE2C835FEB}.Debug|x64.Build.0 = Debug|x64
		{7023EC0F-35C2-46AB-AC48-DEBE2C835FEB}.Debug|x86.ActiveCfg = Debug|Win32
		{7023EC0F-35C2-46AB-AC48-DEBE2C835FEB}.Debug|x86.Build.0 = Debug|Win32
		{7023EC0F-35C2-46AB-AC48-DEBE2C835FEB}.Release|x64.ActiveCfg = Release|x64
		{7023EC0F-35C2-46AB-AC48-DEBE2C835FEB}.Release|x64.Build.0 = Release|x64
		{7023EC0F-35C2-46AB-AC48-DEBE2C835FEB}.Release|x86.ActiveCfg = Release|Win32
		{7023EC0F-35C2-46AB-AC48-DEBE2C835FEB}.Release|x86.Build.0 = Release|Win32
	EndGlobalSection
	GlobalSection(SolutionProperties) = preSolution
		HideSolutionNode = FALSE
	EndGlobalSection
	GlobalSection(ExtensibilityGlobals) = postSolution
		SolutionGuid = {0E7211CB-095A-400D-BE9A-115FF78FF896}
	EndGlobalSection
EndGlobal
